
Microsoft Visual Studio Solution File, Format Version 12.00
# Visual Studio Version 16
VisualStudioVersion = 16.0.30002.166
MinimumVisualStudioVersion = 10.0.40219.1
Project("{FAE04EC0-301F-11D3-BF4B-00C04F79EFBC}") = "PrinterQueue", "PrinterQueue\PrinterQueue.csproj", "{FCDEA1BD-CD9E-42E5-938D-8E560EBE33FD}"
EndProject
Global
	GlobalSection(SolutionConfigurationPlatforms) = preSolution
		Debug|Any CPU = Debug|Any CPU
		Release|Any CPU = Release|Any CPU
	EndGlobalSection
	GlobalSection(ProjectConfigurationPlatforms) = postSolution
		{FCDEA1BD-CD9E-42E5-938D-8E560EBE33FD}.Debug|Any CPU.ActiveCfg = Debug|Any CPU
		{FCDEA1BD-CD9E-42E5-938D-8E560EBE33FD}.Debug|Any CPU.Build.0 = Debug|Any CPU
		{FCDEA1BD-CD9E-42E5-938D-8E560EBE33FD}.Release|Any CPU.ActiveCfg = Release|Any CPU
		{FCDEA1BD-CD9E-42E5-938D-8E560EBE33FD}.Release|Any CPU.Build.0 = Release|Any CPU
	EndGlobalSection
	GlobalSection(SolutionProperties) = preSolution
		HideSolutionNode = FALSE
	EndGlobalSection
	GlobalSection(ExtensibilityGlobals) = postSolution
		SolutionGuid = {C3E818B8-0438-4FC9-AAD1-0C49216418A4}
	EndGlobalSection
EndGlobal
